
Microsoft Visual Studio Solution File, Format Version 12.00
# Visual Studio Version 17
VisualStudioVersion = 17.11.35312.102
MinimumVisualStudioVersion = 10.0.40219.1
Project("{2150E333-8FDC-42A3-9474-1A3956D46DE8}") = "Task0", "Task0", "{F0550513-0969-435B-BEF9-6CF51D4ABCAF}"
EndProject
Project("{9A19103F-16F7-4668-BE54-9A1E7A4F7556}") = "Tyuiu.AntonovNS.Sprint2.Task0.V15", "Tyuiu.AntonovNS.Sprint2.Task0.V15\Tyuiu.AntonovNS.Sprint2.Task0.V15.csproj", "{AEE16474-B29E-4A6B-8821-E9292A2F1632}"
EndProject
Project("{9A19103F-16F7-4668-BE54-9A1E7A4F7556}") = "Tyuiu.AntonovNS.Sprint2.Task0.V15.Lib", "Tyuiu.AntonovNS.Sprint2.Task0.V15.Lib\Tyuiu.AntonovNS.Sprint2.Task0.V15.Lib.csproj", "{62A2A13C-E94D-479A-BC93-B2966B8C28E0}"
EndProject
Project("{9A19103F-16F7-4668-BE54-9A1E7A4F7556}") = "Tyuiu.AntonovNS.Sprint2.Task0.V15.Test", "Tyuiu.AntonovNS.Sprint2.Task0.V15.Test\Tyuiu.AntonovNS.Sprint2.Task0.V15.Test.csproj", "{D5532BF1-7CCC-469A-8032-3BA738145778}"
EndProject
Project("{2150E333-8FDC-42A3-9474-1A3956D46DE8}") = "Task1", "Task1", "{B8504218-C6ED-44E8-9391-DAF04C29EC42}"
EndProject
Project("{9A19103F-16F7-4668-BE54-9A1E7A4F7556}") = "Tyuiu.AntonovNS.Sprint2.Task1.V27", "Tyuiu.AntonovNS.Sprint2.Task1.V27\Tyuiu.AntonovNS.Sprint2.Task1.V27.csproj", "{F07403B8-1DE1-44E7-887D-A2BDE7F1C308}"
EndProject
Project("{9A19103F-16F7-4668-BE54-9A1E7A4F7556}") = "Tyuiu.AntonovNS.Sprint2.Task1.V27.Test", "Tyuiu.AntonovNS.Sprint2.Task1.V27.Test\Tyuiu.AntonovNS.Sprint2.Task1.V27.Test.csproj", "{1671743F-CAF9-4C11-A9E9-39148BD4E7D8}"
EndProject
Project("{9A19103F-16F7-4668-BE54-9A1E7A4F7556}") = "Tyuiu.AntonovNS.Sprint2.Task1.V27.Lib", "Tyuiu.AntonovNS.Sprint2.Task1.V27.Lib\Tyuiu.AntonovNS.Sprint2.Task1.V27.Lib.csproj", "{A8FE9DD9-28A7-4D8C-A945-3831A4FC1F62}"
EndProject
Project("{2150E333-8FDC-42A3-9474-1A3956D46DE8}") = "Task2", "Task2", "{0C80EBAB-6661-456A-8E29-8AEF666F5F60}"
EndProject
Project("{9A19103F-16F7-4668-BE54-9A1E7A4F7556}") = "Tyuiu.AntonovNS.Sprint2.Task2.V18", "Tyuiu.AntonovNS.Sprint2.Task2.V18\Tyuiu.AntonovNS.Sprint2.Task2.V18.csproj", "{708C25F3-5DEE-401D-9035-A553217A6E71}"
EndProject
Project("{9A19103F-16F7-4668-BE54-9A1E7A4F7556}") = "Tyuiu.AntonovNS.Sprint2.Task2.V18.Lib", "Tyuiu.AntonovNS.Sprint2.Task2.V18.Lib\Tyuiu.AntonovNS.Sprint2.Task2.V18.Lib.csproj", "{FEBA303B-E886-4653-ACFB-0F5C6B74DE9A}"
EndProject
Project("{9A19103F-16F7-4668-BE54-9A1E7A4F7556}") = "Tyuiu.AntonovNS.Sprint2.Task2.V18.Test", "Tyuiu.AntonovNS.Sprint2.Task2.V18.Test\Tyuiu.AntonovNS.Sprint2.Task2.V18.Test.csproj", "{C1BB5CB0-9517-432C-8DD5-A5BC734985B9}"
EndProject
Project("{2150E333-8FDC-42A3-9474-1A3956D46DE8}") = "Task3", "Task3", "{2EF5D0C8-7462-46C7-AC2F-C2A07D7FA0D6}"
EndProject
Project("{FAE04EC0-301F-11D3-BF4B-00C04F79EFBC}") = "Tyuiu.AntonovNS.Sprint2.Task3.V30", "Tyuiu.AntonovNS.Sprint2.Task3.V30\Tyuiu.AntonovNS.Sprint2.Task3.V30.csproj", "{CFE3F248-3096-4C9D-AAE2-30F693D762BE}"
EndProject
Project("{FAE04EC0-301F-11D3-BF4B-00C04F79EFBC}") = "Tyuiu.AntonovNS.Sprint2.Task3.V30.Test", "Tyuiu.AntonovNS.Sprint2.Task3.V30.Test\Tyuiu.AntonovNS.Sprint2.Task3.V30.Test.csproj", "{E737ED21-62A9-4FFD-8E5F-D31986FF53A0}"
EndProject
Project("{FAE04EC0-301F-11D3-BF4B-00C04F79EFBC}") = "Tyuiu.AntonovNS.Sprint2.Task3.V30.Lib", "Tyuiu.AntonovNS.Sprint2.Task3.V30.Lib\Tyuiu.AntonovNS.Sprint2.Task3.V30.Lib.csproj", "{406C7B38-2EC8-4A16-94A5-F8E49B4A28BF}"
EndProject
Project("{2150E333-8FDC-42A3-9474-1A3956D46DE8}") = "Task4", "Task4", "{B2842B1B-8AE1-402F-B8BF-ECF39DC9A072}"
EndProject
Project("{FAE04EC0-301F-11D3-BF4B-00C04F79EFBC}") = "Tyuiu.AntonovNS.Sprint2.Task4.V26", "Tyuiu.AntonovNS.Sprint2.Task4.V26\Tyuiu.AntonovNS.Sprint2.Task4.V26.csproj", "{642E8A1C-5AC8-4349-94D4-53E9198F22D9}"
EndProject
Project("{FAE04EC0-301F-11D3-BF4B-00C04F79EFBC}") = "Tyuiu.AntonovNS.Sprint2.Task4.V26.Lib", "Tyuiu.AntonovNS.Sprint2.Task4.V26.Lib\Tyuiu.AntonovNS.Sprint2.Task4.V26.Lib.csproj", "{8E55AEE2-0760-4BF1-BD52-7B717356C4AA}"
EndProject
Project("{FAE04EC0-301F-11D3-BF4B-00C04F79EFBC}") = "Tyuiu.AntonovNS.Sprint2.Task4.V26.Test", "Tyuiu.AntonovNS.Sprint2.Task4.V26.Test\Tyuiu.AntonovNS.Sprint2.Task4.V26.Test.csproj", "{8B2D76AA-AFA6-470D-A083-43BC405A01F3}"
EndProject
Project("{2150E333-8FDC-42A3-9474-1A3956D46DE8}") = "Task5", "Task5", "{AC4B0080-EFFF-4EEE-B004-7F92E52763A0}"
EndProject
Project("{FAE04EC0-301F-11D3-BF4B-00C04F79EFBC}") = "Tyuiu.AntonovNS.Sprint2.Task5.V7", "Tyuiu.AntonovNS.Sprint2.Task5.V7\Tyuiu.AntonovNS.Sprint2.Task5.V7.csproj", "{2BE2DC1E-2DD0-4722-865E-A9F26F308B02}"
EndProject
Project("{FAE04EC0-301F-11D3-BF4B-00C04F79EFBC}") = "Tyuiu.AntonovNS.Sprint2.Task5.V7.Test", "Tyuiu.AntonovNS.Sprint2.Task5.V7.Test\Tyuiu.AntonovNS.Sprint2.Task5.V7.Test.csproj", "{A9985B98-184B-433C-9BD3-FF647AE1EE1E}"
EndProject
Project("{FAE04EC0-301F-11D3-BF4B-00C04F79EFBC}") = "Tyuiu.AntonovNS.Sprint2.Task5.V7.Lib", "Tyuiu.AntonovNS.Sprint2.Task5.V7.Lib\Tyuiu.AntonovNS.Sprint2.Task5.V7.Lib.csproj", "{17129887-D6AE-4C8B-BF38-62BF376662E6}"
EndProject
Project("{2150E333-8FDC-42A3-9474-1A3956D46DE8}") = "Task6", "Task6", "{19A8438F-3D78-4779-9088-97D0A302ECC2}"
EndProject
Project("{FAE04EC0-301F-11D3-BF4B-00C04F79EFBC}") = "Tyuiu.AntonovNS.Sprint2.Task6.V2", "Tyuiu.AntonovNS.Sprint2.Task6.V2\Tyuiu.AntonovNS.Sprint2.Task6.V2.csproj", "{99204C28-EE18-49AD-A880-3CF4B2923E72}"
EndProject
Project("{FAE04EC0-301F-11D3-BF4B-00C04F79EFBC}") = "Tyuiu.AntonovNS.Sprint2.Task6.V2.Test", "Tyuiu.AntonovNS.Sprint2.Task6.V2.Test\Tyuiu.AntonovNS.Sprint2.Task6.V2.Test.csproj", "{A24AE23E-1958-412A-AE6F-586914255082}"
EndProject
Project("{FAE04EC0-301F-11D3-BF4B-00C04F79EFBC}") = "Tyuiu.AntonovNS.Sprint2.Task6.V2.Lib", "Tyuiu.AntonovNS.Sprint2.Task6.V2.Lib\Tyuiu.AntonovNS.Sprint2.Task6.V2.Lib.csproj", "{6F6A62CA-B61C-4A2E-80C7-38BECBC0CA58}"
EndProject
Project("{2150E333-8FDC-42A3-9474-1A3956D46DE8}") = "Task7", "Task7", "{C38FE756-C502-4B57-B5F2-D416AE6D26A8}"
EndProject
Project("{FAE04EC0-301F-11D3-BF4B-00C04F79EFBC}") = "Tyuiu.AntonovNS.Sprint2.Task7.V2", "Tyuiu.AntonovNS.Sprint2.Task7.V2\Tyuiu.AntonovNS.Sprint2.Task7.V2.csproj", "{29FD5829-B797-4A76-B6CB-755FFB726720}"
EndProject
Project("{FAE04EC0-301F-11D3-BF4B-00C04F79EFBC}") = "Tyuiu.AntonovNS.Sprint2.Task7.V2.Lib", "Tyuiu.AntonovNS.Sprint2.Task7.V2.Lib\Tyuiu.AntonovNS.Sprint2.Task7.V2.Lib.csproj", "{C955D702-6B8E-4C4D-8E84-8C2AB5861ECF}"
EndProject
Project("{FAE04EC0-301F-11D3-BF4B-00C04F79EFBC}") = "Tyuiu.AntonovNS.Sprint2.Task7.V2.Test", "Tyuiu.AntonovNS.Sprint2.Task7.V2.Test\Tyuiu.AntonovNS.Sprint2.Task7.V2.Test.csproj", "{3F8D0063-5385-4388-90FF-953FB15A6EAE}"
EndProject
Global
	GlobalSection(SolutionConfigurationPlatforms) = preSolution
		Debug|Any CPU = Debug|Any CPU
		Release|Any CPU = Release|Any CPU
	EndGlobalSection
	GlobalSection(ProjectConfigurationPlatforms) = postSolution
		{AEE16474-B29E-4A6B-8821-E9292A2F1632}.Debug|Any CPU.ActiveCfg = Debug|Any CPU
		{AEE16474-B29E-4A6B-8821-E9292A2F1632}.Debug|Any CPU.Build.0 = Debug|Any CPU
		{AEE16474-B29E-4A6B-8821-E9292A2F1632}.Release|Any CPU.ActiveCfg = Release|Any CPU
		{AEE16474-B29E-4A6B-8821-E9292A2F1632}.Release|Any CPU.Build.0 = Release|Any CPU
		{62A2A13C-E94D-479A-BC93-B2966B8C28E0}.Debug|Any CPU.ActiveCfg = Debug|Any CPU
		{62A2A13C-E94D-479A-BC93-B2966B8C28E0}.Debug|Any CPU.Build.0 = Debug|Any CPU
		{62A2A13C-E94D-479A-BC93-B2966B8C28E0}.Release|Any CPU.ActiveCfg = Release|Any CPU
		{62A2A13C-E94D-479A-BC93-B2966B8C28E0}.Release|Any CPU.Build.0 = Release|Any CPU
		{D5532BF1-7CCC-469A-8032-3BA738145778}.Debug|Any CPU.ActiveCfg = Debug|Any CPU
		{D5532BF1-7CCC-469A-8032-3BA738145778}.Debug|Any CPU.Build.0 = Debug|Any CPU
		{D5532BF1-7CCC-469A-8032-3BA738145778}.Release|Any CPU.ActiveCfg = Release|Any CPU
		{D5532BF1-7CCC-469A-8032-3BA738145778}.Release|Any CPU.Build.0 = Release|Any CPU
		{F07403B8-1DE1-44E7-887D-A2BDE7F1C308}.Debug|Any CPU.ActiveCfg = Debug|Any CPU
		{F07403B8-1DE1-44E7-887D-A2BDE7F1C308}.Debug|Any CPU.Build.0 = Debug|Any CPU
		{F07403B8-1DE1-44E7-887D-A2BDE7F1C308}.Release|Any CPU.ActiveCfg = Release|Any CPU
		{F07403B8-1DE1-44E7-887D-A2BDE7F1C308}.Release|Any CPU.Build.0 = Release|Any CPU
		{1671743F-CAF9-4C11-A9E9-39148BD4E7D8}.Debug|Any CPU.ActiveCfg = Debug|Any CPU
		{1671743F-CAF9-4C11-A9E9-39148BD4E7D8}.Debug|Any CPU.Build.0 = Debug|Any CPU
		{1671743F-CAF9-4C11-A9E9-39148BD4E7D8}.Release|Any CPU.ActiveCfg = Release|Any CPU
		{1671743F-CAF9-4C11-A9E9-39148BD4E7D8}.Release|Any CPU.Build.0 = Release|Any CPU
		{A8FE9DD9-28A7-4D8C-A945-3831A4FC1F62}.Debug|Any CPU.ActiveCfg = Debug|Any CPU
		{A8FE9DD9-28A7-4D8C-A945-3831A4FC1F62}.Debug|Any CPU.Build.0 = Debug|Any CPU
		{A8FE9DD9-28A7-4D8C-A945-3831A4FC1F62}.Release|Any CPU.ActiveCfg = Release|Any CPU
		{A8FE9DD9-28A7-4D8C-A945-3831A4FC1F62}.Release|Any CPU.Build.0 = Release|Any CPU
		{708C25F3-5DEE-401D-9035-A553217A6E71}.Debug|Any CPU.ActiveCfg = Debug|Any CPU
		{708C25F3-5DEE-401D-9035-A553217A6E71}.Debug|Any CPU.Build.0 = Debug|Any CPU
		{708C25F3-5DEE-401D-9035-A553217A6E71}.Release|Any CPU.ActiveCfg = Release|Any CPU
		{708C25F3-5DEE-401D-9035-A553217A6E71}.Release|Any CPU.Build.0 = Release|Any CPU
		{FEBA303B-E886-4653-ACFB-0F5C6B74DE9A}.Debug|Any CPU.ActiveCfg = Debug|Any CPU
		{FEBA303B-E886-4653-ACFB-0F5C6B74DE9A}.Debug|Any CPU.Build.0 = Debug|Any CPU
		{FEBA303B-E886-4653-ACFB-0F5C6B74DE9A}.Release|Any CPU.ActiveCfg = Release|Any CPU
		{FEBA303B-E886-4653-ACFB-0F5C6B74DE9A}.Release|Any CPU.Build.0 = Release|Any CPU
		{C1BB5CB0-9517-432C-8DD5-A5BC734985B9}.Debug|Any CPU.ActiveCfg = Debug|Any CPU
		{C1BB5CB0-9517-432C-8DD5-A5BC734985B9}.Debug|Any CPU.Build.0 = Debug|Any CPU
		{C1BB5CB0-9517-432C-8DD5-A5BC734985B9}.Release|Any CPU.ActiveCfg = Release|Any CPU
		{C1BB5CB0-9517-432C-8DD5-A5BC734985B9}.Release|Any CPU.Build.0 = Release|Any CPU
		{CFE3F248-3096-4C9D-AAE2-30F693D762BE}.Debug|Any CPU.ActiveCfg = Debug|Any CPU
		{CFE3F248-3096-4C9D-AAE2-30F693D762BE}.Debug|Any CPU.Build.0 = Debug|Any CPU
		{CFE3F248-3096-4C9D-AAE2-30F693D762BE}.Release|Any CPU.ActiveCfg = Release|Any CPU
		{CFE3F248-3096-4C9D-AAE2-30F693D762BE}.Release|Any CPU.Build.0 = Release|Any CPU
		{E737ED21-62A9-4FFD-8E5F-D31986FF53A0}.Debug|Any CPU.ActiveCfg = Debug|Any CPU
		{E737ED21-62A9-4FFD-8E5F-D31986FF53A0}.Debug|Any CPU.Build.0 = Debug|Any CPU
		{E737ED21-62A9-4FFD-8E5F-D31986FF53A0}.Release|Any CPU.ActiveCfg = Release|Any CPU
		{E737ED21-62A9-4FFD-8E5F-D31986FF53A0}.Release|Any CPU.Build.0 = Release|Any CPU
		{406C7B38-2EC8-4A16-94A5-F8E49B4A28BF}.Debug|Any CPU.ActiveCfg = Debug|Any CPU
		{406C7B38-2EC8-4A16-94A5-F8E49B4A28BF}.Debug|Any CPU.Build.0 = Debug|Any CPU
		{406C7B38-2EC8-4A16-94A5-F8E49B4A28BF}.Release|Any CPU.ActiveCfg = Release|Any CPU
		{406C7B38-2EC8-4A16-94A5-F8E49B4A28BF}.Release|Any CPU.Build.0 = Release|Any CPU
		{642E8A1C-5AC8-4349-94D4-53E9198F22D9}.Debug|Any CPU.ActiveCfg = Debug|Any CPU
		{642E8A1C-5AC8-4349-94D4-53E9198F22D9}.Debug|Any CPU.Build.0 = Debug|Any CPU
		{642E8A1C-5AC8-4349-94D4-53E9198F22D9}.Release|Any CPU.ActiveCfg = Release|Any CPU
		{642E8A1C-5AC8-4349-94D4-53E9198F22D9}.Release|Any CPU.Build.0 = Release|Any CPU
		{8E55AEE2-0760-4BF1-BD52-7B717356C4AA}.Debug|Any CPU.ActiveCfg = Debug|Any CPU
		{8E55AEE2-0760-4BF1-BD52-7B717356C4AA}.Debug|Any CPU.Build.0 = Debug|Any CPU
		{8E55AEE2-0760-4BF1-BD52-7B717356C4AA}.Release|Any CPU.ActiveCfg = Release|Any CPU
		{8E55AEE2-0760-4BF1-BD52-7B717356C4AA}.Release|Any CPU.Build.0 = Release|Any CPU
		{8B2D76AA-AFA6-470D-A083-43BC405A01F3}.Debug|Any CPU.ActiveCfg = Debug|Any CPU
		{8B2D76AA-AFA6-470D-A083-43BC405A01F3}.Debug|Any CPU.Build.0 = Debug|Any CPU
		{8B2D76AA-AFA6-470D-A083-43BC405A01F3}.Release|Any CPU.ActiveCfg = Release|Any CPU
		{8B2D76AA-AFA6-470D-A083-43BC405A01F3}.Release|Any CPU.Build.0 = Release|Any CPU
		{2BE2DC1E-2DD0-4722-865E-A9F26F308B02}.Debug|Any CPU.ActiveCfg = Debug|Any CPU
		{2BE2DC1E-2DD0-4722-865E-A9F26F308B02}.Debug|Any CPU.Build.0 = Debug|Any CPU
		{2BE2DC1E-2DD0-4722-865E-A9F26F308B02}.Release|Any CPU.ActiveCfg = Release|Any CPU
		{2BE2DC1E-2DD0-4722-865E-A9F26F308B02}.Release|Any CPU.Build.0 = Release|Any CPU
		{A9985B98-184B-433C-9BD3-FF647AE1EE1E}.Debug|Any CPU.ActiveCfg = Debug|Any CPU
		{A9985B98-184B-433C-9BD3-FF647AE1EE1E}.Debug|Any CPU.Build.0 = Debug|Any CPU
		{A9985B98-184B-433C-9BD3-FF647AE1EE1E}.Release|Any CPU.ActiveCfg = Release|Any CPU
		{A9985B98-184B-433C-9BD3-FF647AE1EE1E}.Release|Any CPU.Build.0 = Release|Any CPU
		{17129887-D6AE-4C8B-BF38-62BF376662E6}.Debug|Any CPU.ActiveCfg = Debug|Any CPU
		{17129887-D6AE-4C8B-BF38-62BF376662E6}.Debug|Any CPU.Build.0 = Debug|Any CPU
		{17129887-D6AE-4C8B-BF38-62BF376662E6}.Release|Any CPU.ActiveCfg = Release|Any CPU
		{17129887-D6AE-4C8B-BF38-62BF376662E6}.Release|Any CPU.Build.0 = Release|Any CPU
		{99204C28-EE18-49AD-A880-3CF4B2923E72}.Debug|Any CPU.ActiveCfg = Debug|Any CPU
		{99204C28-EE18-49AD-A880-3CF4B2923E72}.Debug|Any CPU.Build.0 = Debug|Any CPU
		{99204C28-EE18-49AD-A880-3CF4B2923E72}.Release|Any CPU.ActiveCfg = Release|Any CPU
		{99204C28-EE18-49AD-A880-3CF4B2923E72}.Release|Any CPU.Build.0 = Release|Any CPU
		{A24AE23E-1958-412A-AE6F-586914255082}.Debug|Any CPU.ActiveCfg = Debug|Any CPU
		{A24AE23E-1958-412A-AE6F-586914255082}.Debug|Any CPU.Build.0 = Debug|Any CPU
		{A24AE23E-1958-412A-AE6F-586914255082}.Release|Any CPU.ActiveCfg = Release|Any CPU
		{A24AE23E-1958-412A-AE6F-586914255082}.Release|Any CPU.Build.0 = Release|Any CPU
		{6F6A62CA-B61C-4A2E-80C7-38BECBC0CA58}.Debug|Any CPU.ActiveCfg = Debug|Any CPU
		{6F6A62CA-B61C-4A2E-80C7-38BECBC0CA58}.Debug|Any CPU.Build.0 = Debug|Any CPU
		{6F6A62CA-B61C-4A2E-80C7-38BECBC0CA58}.Release|Any CPU.ActiveCfg = Release|Any CPU
		{6F6A62CA-B61C-4A2E-80C7-38BECBC0CA58}.Release|Any CPU.Build.0 = Release|Any CPU
		{29FD5829-B797-4A76-B6CB-755FFB726720}.Debug|Any CPU.ActiveCfg = Debug|Any CPU
		{29FD5829-B797-4A76-B6CB-755FFB726720}.Debug|Any CPU.Build.0 = Debug|Any CPU
		{29FD5829-B797-4A76-B6CB-755FFB726720}.Release|Any CPU.ActiveCfg = Release|Any CPU
		{29FD5829-B797-4A76-B6CB-755FFB726720}.Release|Any CPU.Build.0 = Release|Any CPU
		{C955D702-6B8E-4C4D-8E84-8C2AB5861ECF}.Debug|Any CPU.ActiveCfg = Debug|Any CPU
		{C955D702-6B8E-4C4D-8E84-8C2AB5861ECF}.Debug|Any CPU.Build.0 = Debug|Any CPU
		{C955D702-6B8E-4C4D-8E84-8C2AB5861ECF}.Release|Any CPU.ActiveCfg = Release|Any CPU
		{C955D702-6B8E-4C4D-8E84-8C2AB5861ECF}.Release|Any CPU.Build.0 = Release|Any CPU
		{3F8D0063-5385-4388-90FF-953FB15A6EAE}.Debug|Any CPU.ActiveCfg = Debug|Any CPU
		{3F8D0063-5385-4388-90FF-953FB15A6EAE}.Debug|Any CPU.Build.0 = Debug|Any CPU
		{3F8D0063-5385-4388-90FF-953FB15A6EAE}.Release|Any CPU.ActiveCfg = Release|Any CPU
		{3F8D0063-5385-4388-90FF-953FB15A6EAE}.Release|Any CPU.Build.0 = Release|Any CPU
	EndGlobalSection
	GlobalSection(SolutionProperties) = preSolution
		HideSolutionNode = FALSE
	EndGlobalSection
	GlobalSection(NestedProjects) = preSolution
		{AEE16474-B29E-4A6B-8821-E9292A2F1632} = {F0550513-0969-435B-BEF9-6CF51D4ABCAF}
		{62A2A13C-E94D-479A-BC93-B2966B8C28E0} = {F0550513-0969-435B-BEF9-6CF51D4ABCAF}
		{D5532BF1-7CCC-469A-8032-3BA738145778} = {F0550513-0969-435B-BEF9-6CF51D4ABCAF}
		{F07403B8-1DE1-44E7-887D-A2BDE7F1C308} = {B8504218-C6ED-44E8-9391-DAF04C29EC42}
		{1671743F-CAF9-4C11-A9E9-39148BD4E7D8} = {B8504218-C6ED-44E8-9391-DAF04C29EC42}
		{A8FE9DD9-28A7-4D8C-A945-3831A4FC1F62} = {B8504218-C6ED-44E8-9391-DAF04C29EC42}
		{708C25F3-5DEE-401D-9035-A553217A6E71} = {0C80EBAB-6661-456A-8E29-8AEF666F5F60}
		{FEBA303B-E886-4653-ACFB-0F5C6B74DE9A} = {0C80EBAB-6661-456A-8E29-8AEF666F5F60}
		{C1BB5CB0-9517-432C-8DD5-A5BC734985B9} = {0C80EBAB-6661-456A-8E29-8AEF666F5F60}
		{CFE3F248-3096-4C9D-AAE2-30F693D762BE} = {2EF5D0C8-7462-46C7-AC2F-C2A07D7FA0D6}
		{E737ED21-62A9-4FFD-8E5F-D31986FF53A0} = {2EF5D0C8-7462-46C7-AC2F-C2A07D7FA0D6}
		{406C7B38-2EC8-4A16-94A5-F8E49B4A28BF} = {2EF5D0C8-7462-46C7-AC2F-C2A07D7FA0D6}
		{642E8A1C-5AC8-4349-94D4-53E9198F22D9} = {B2842B1B-8AE1-402F-B8BF-ECF39DC9A072}
		{8E55AEE2-0760-4BF1-BD52-7B717356C4AA} = {B2842B1B-8AE1-402F-B8BF-ECF39DC9A072}
		{8B2D76AA-AFA6-470D-A083-43BC405A01F3} = {B2842B1B-8AE1-402F-B8BF-ECF39DC9A072}
		{2BE2DC1E-2DD0-4722-865E-A9F26F308B02} = {AC4B0080-EFFF-4EEE-B004-7F92E52763A0}
		{A9985B98-184B-433C-9BD3-FF647AE1EE1E} = {AC4B0080-EFFF-4EEE-B004-7F92E52763A0}
		{17129887-D6AE-4C8B-BF38-62BF376662E6} = {AC4B0080-EFFF-4EEE-B004-7F92E52763A0}
		{99204C28-EE18-49AD-A880-3CF4B2923E72} = {19A8438F-3D78-4779-9088-97D0A302ECC2}
		{A24AE23E-1958-412A-AE6F-586914255082} = {19A8438F-3D78-4779-9088-97D0A302ECC2}
		{6F6A62CA-B61C-4A2E-80C7-38BECBC0CA58} = {19A8438F-3D78-4779-9088-97D0A302ECC2}
		{29FD5829-B797-4A76-B6CB-755FFB726720} = {C38FE756-C502-4B57-B5F2-D416AE6D26A8}
		{C955D702-6B8E-4C4D-8E84-8C2AB5861ECF} = {C38FE756-C502-4B57-B5F2-D416AE6D26A8}
		{3F8D0063-5385-4388-90FF-953FB15A6EAE} = {C38FE756-C502-4B57-B5F2-D416AE6D26A8}
	EndGlobalSection
	GlobalSection(ExtensibilityGlobals) = postSolution
		SolutionGuid = {83F2D5A4-751B-4D3F-A3FE-A7E192A1CFD1}
	EndGlobalSection
EndGlobal
